
Microsoft Visual Studio Solution File, Format Version 12.00
# Visual Studio Version 17
VisualStudioVersion = 17.0.31903.59
MinimumVisualStudioVersion = 10.0.40219.1
Project("{2150E333-8FDC-42A3-9474-1A3956D46DE8}") = "src", "src", "{53FE850F-7B1F-49E7-AFED-6EBED1AB0ADD}"
EndProject
Project("{FAE04EC0-301F-11D3-BF4B-00C04F79EFBC}") = "Web", "src\PetStoreService.Web\PetStoreService.Web.csproj", "{7EFFFEE3-724C-44D5-8776-D8375DB60131}"
EndProject
Project("{2150E333-8FDC-42A3-9474-1A3956D46DE8}") = "tests", "tests", "{369BE744-AA29-4171-ACB2-04CD79A4CDEE}"
EndProject
Project("{FAE04EC0-301F-11D3-BF4B-00C04F79EFBC}") = "Integration", "tests\Integration\Integration.csproj", "{8F75D678-BB37-425F-A8A1-382452FCF4D9}"
EndProject
Project("{FAE04EC0-301F-11D3-BF4B-00C04F79EFBC}") = "Unit", "tests\Unit\Unit.csproj", "{DE8305E9-3FA2-4AFA-8969-7FBCC691D085}"
EndProject
Project("{FAE04EC0-301F-11D3-BF4B-00C04F79EFBC}") = "Infrastructure", "src\PetStoreService.Infrastructure\PetStoreService.Infrastructure.csproj", "{9A1E5409-5104-4057-972C-9CD953F8D607}"
EndProject
Project("{FAE04EC0-301F-11D3-BF4B-00C04F79EFBC}") = "Persistence", "src\PetStoreService.Persistence\PetStoreService.Persistence.csproj", "{FEC741BB-80D3-480A-A680-B8CDD54D833D}"
EndProject
Project("{FAE04EC0-301F-11D3-BF4B-00C04F79EFBC}") = "Application", "src\PetStoreService.Application\PetStoreService.Application.csproj", "{ECF11AB2-D8D7-4694-AFD8-9982478E7417}"
EndProject
Project("{FAE04EC0-301F-11D3-BF4B-00C04F79EFBC}") = "PetStoreService.Domain", "src\PetStoreService.Domain\PetStoreService.Domain.csproj", "{4C1C1C34-1D5B-4094-95C2-ADF69EE30E80}"
EndProject
Global
	GlobalSection(SolutionConfigurationPlatforms) = preSolution
		Debug|Any CPU = Debug|Any CPU
		Release|Any CPU = Release|Any CPU
	EndGlobalSection
	GlobalSection(SolutionProperties) = preSolution
		HideSolutionNode = FALSE
	EndGlobalSection
	GlobalSection(ProjectConfigurationPlatforms) = postSolution
		{7EFFFEE3-724C-44D5-8776-D8375DB60131}.Debug|Any CPU.ActiveCfg = Debug|Any CPU
		{7EFFFEE3-724C-44D5-8776-D8375DB60131}.Debug|Any CPU.Build.0 = Debug|Any CPU
		{7EFFFEE3-724C-44D5-8776-D8375DB60131}.Release|Any CPU.ActiveCfg = Release|Any CPU
		{7EFFFEE3-724C-44D5-8776-D8375DB60131}.Release|Any CPU.Build.0 = Release|Any CPU
		{8F75D678-BB37-425F-A8A1-382452FCF4D9}.Debug|Any CPU.ActiveCfg = Debug|Any CPU
		{8F75D678-BB37-425F-A8A1-382452FCF4D9}.Debug|Any CPU.Build.0 = Debug|Any CPU
		{8F75D678-BB37-425F-A8A1-382452FCF4D9}.Release|Any CPU.ActiveCfg = Release|Any CPU
		{8F75D678-BB37-425F-A8A1-382452FCF4D9}.Release|Any CPU.Build.0 = Release|Any CPU
		{DE8305E9-3FA2-4AFA-8969-7FBCC691D085}.Debug|Any CPU.ActiveCfg = Debug|Any CPU
		{DE8305E9-3FA2-4AFA-8969-7FBCC691D085}.Debug|Any CPU.Build.0 = Debug|Any CPU
		{DE8305E9-3FA2-4AFA-8969-7FBCC691D085}.Release|Any CPU.ActiveCfg = Release|Any CPU
		{DE8305E9-3FA2-4AFA-8969-7FBCC691D085}.Release|Any CPU.Build.0 = Release|Any CPU
		{9A1E5409-5104-4057-972C-9CD953F8D607}.Debug|Any CPU.ActiveCfg = Debug|Any CPU
		{9A1E5409-5104-4057-972C-9CD953F8D607}.Debug|Any CPU.Build.0 = Debug|Any CPU
		{9A1E5409-5104-4057-972C-9CD953F8D607}.Release|Any CPU.ActiveCfg = Release|Any CPU
		{9A1E5409-5104-4057-972C-9CD953F8D607}.Release|Any CPU.Build.0 = Release|Any CPU
		{FEC741BB-80D3-480A-A680-B8CDD54D833D}.Debug|Any CPU.ActiveCfg = Debug|Any CPU
		{FEC741BB-80D3-480A-A680-B8CDD54D833D}.Debug|Any CPU.Build.0 = Debug|Any CPU
		{FEC741BB-80D3-480A-A680-B8CDD54D833D}.Release|Any CPU.ActiveCfg = Release|Any CPU
		{FEC741BB-80D3-480A-A680-B8CDD54D833D}.Release|Any CPU.Build.0 = Release|Any CPU
		{ECF11AB2-D8D7-4694-AFD8-9982478E7417}.Debug|Any CPU.ActiveCfg = Debug|Any CPU
		{ECF11AB2-D8D7-4694-AFD8-9982478E7417}.Debug|Any CPU.Build.0 = Debug|Any CPU
		{ECF11AB2-D8D7-4694-AFD8-9982478E7417}.Release|Any CPU.ActiveCfg = Release|Any CPU
		{ECF11AB2-D8D7-4694-AFD8-9982478E7417}.Release|Any CPU.Build.0 = Release|Any CPU
		{4C1C1C34-1D5B-4094-95C2-ADF69EE30E80}.Debug|Any CPU.ActiveCfg = Debug|Any CPU
		{4C1C1C34-1D5B-4094-95C2-ADF69EE30E80}.Debug|Any CPU.Build.0 = Debug|Any CPU
		{4C1C1C34-1D5B-4094-95C2-ADF69EE30E80}.Release|Any CPU.ActiveCfg = Release|Any CPU
		{4C1C1C34-1D5B-4094-95C2-ADF69EE30E80}.Release|Any CPU.Build.0 = Release|Any CPU
	EndGlobalSection
	GlobalSection(NestedProjects) = preSolution
		{7EFFFEE3-724C-44D5-8776-D8375DB60131} = {53FE850F-7B1F-49E7-AFED-6EBED1AB0ADD}
		{8F75D678-BB37-425F-A8A1-382452FCF4D9} = {369BE744-AA29-4171-ACB2-04CD79A4CDEE}
		{DE8305E9-3FA2-4AFA-8969-7FBCC691D085} = {369BE744-AA29-4171-ACB2-04CD79A4CDEE}
		{9A1E5409-5104-4057-972C-9CD953F8D607} = {53FE850F-7B1F-49E7-AFED-6EBED1AB0ADD}
		{FEC741BB-80D3-480A-A680-B8CDD54D833D} = {53FE850F-7B1F-49E7-AFED-6EBED1AB0ADD}
		{ECF11AB2-D8D7-4694-AFD8-9982478E7417} = {53FE850F-7B1F-49E7-AFED-6EBED1AB0ADD}
		{4C1C1C34-1D5B-4094-95C2-ADF69EE30E80} = {53FE850F-7B1F-49E7-AFED-6EBED1AB0ADD}
	EndGlobalSection
EndGlobal
