
Microsoft Visual Studio Solution File, Format Version 12.00
# Visual Studio Version 17
VisualStudioVersion = 17.0.31903.59
MinimumVisualStudioVersion = 10.0.40219.1
Project("{2150E333-8FDC-42A3-9474-1A3956D46DE8}") = "src", "src", "{53FE850F-7B1F-49E7-AFED-6EBED1AB0ADD}"
EndProject
Project("{FAE04EC0-301F-11D3-BF4B-00C04F79EFBC}") = "Web", "src\Web\Web.csproj", "{7EFFFEE3-724C-44D5-8776-D8375DB60131}"
EndProject
Project("{2150E333-8FDC-42A3-9474-1A3956D46DE8}") = "tests", "tests", "{369BE744-AA29-4171-ACB2-04CD79A4CDEE}"
EndProject
Project("{FAE04EC0-301F-11D3-BF4B-00C04F79EFBC}") = "Integration", "tests\Integration\Integration.csproj", "{8F75D678-BB37-425F-A8A1-382452FCF4D9}"
EndProject
Project("{FAE04EC0-301F-11D3-BF4B-00C04F79EFBC}") = "Unit", "tests\Unit\Unit.csproj", "{DE8305E9-3FA2-4AFA-8969-7FBCC691D085}"
EndProject
Global
	GlobalSection(SolutionConfigurationPlatforms) = preSolution
		Debug|Any CPU = Debug|Any CPU
		Release|Any CPU = Release|Any CPU
	EndGlobalSection
	GlobalSection(SolutionProperties) = preSolution
		HideSolutionNode = FALSE
	EndGlobalSection
	GlobalSection(ProjectConfigurationPlatforms) = postSolution
		{7EFFFEE3-724C-44D5-8776-D8375DB60131}.Debug|Any CPU.ActiveCfg = Debug|Any CPU
		{7EFFFEE3-724C-44D5-8776-D8375DB60131}.Debug|Any CPU.Build.0 = Debug|Any CPU
		{7EFFFEE3-724C-44D5-8776-D8375DB60131}.Release|Any CPU.ActiveCfg = Release|Any CPU
		{7EFFFEE3-724C-44D5-8776-D8375DB60131}.Release|Any CPU.Build.0 = Release|Any CPU
		{8F75D678-BB37-425F-A8A1-382452FCF4D9}.Debug|Any CPU.ActiveCfg = Debug|Any CPU
		{8F75D678-BB37-425F-A8A1-382452FCF4D9}.Debug|Any CPU.Build.0 = Debug|Any CPU
		{8F75D678-BB37-425F-A8A1-382452FCF4D9}.Release|Any CPU.ActiveCfg = Release|Any CPU
		{8F75D678-BB37-425F-A8A1-382452FCF4D9}.Release|Any CPU.Build.0 = Release|Any CPU
		{DE8305E9-3FA2-4AFA-8969-7FBCC691D085}.Debug|Any CPU.ActiveCfg = Debug|Any CPU
		{DE8305E9-3FA2-4AFA-8969-7FBCC691D085}.Debug|Any CPU.Build.0 = Debug|Any CPU
		{DE8305E9-3FA2-4AFA-8969-7FBCC691D085}.Release|Any CPU.ActiveCfg = Release|Any CPU
		{DE8305E9-3FA2-4AFA-8969-7FBCC691D085}.Release|Any CPU.Build.0 = Release|Any CPU
	EndGlobalSection
	GlobalSection(NestedProjects) = preSolution
		{7EFFFEE3-724C-44D5-8776-D8375DB60131} = {53FE850F-7B1F-49E7-AFED-6EBED1AB0ADD}
		{8F75D678-BB37-425F-A8A1-382452FCF4D9} = {369BE744-AA29-4171-ACB2-04CD79A4CDEE}
		{DE8305E9-3FA2-4AFA-8969-7FBCC691D085} = {369BE744-AA29-4171-ACB2-04CD79A4CDEE}
	EndGlobalSection
EndGlobal
